
Microsoft Visual Studio Solution File, Format Version 12.00
# Visual Studio Version 17
VisualStudioVersion = 17.9.34701.34
MinimumVisualStudioVersion = 10.0.40219.1
Project("{FAE04EC0-301F-11D3-BF4B-00C04F79EFBC}") = "st10255631PROGPOE", "st10255631PROGPOE\st10255631PROGPOE.csproj", "{FF4DC1C4-813A-497F-A187-C4F183EDE9BE}"
EndProject
Project("{FAE04EC0-301F-11D3-BF4B-00C04F79EFBC}") = "calorie", "calorie\calorie.csproj", "{C04D54E6-E67F-4154-892E-3E9E45D3DD9E}"
EndProject
Global
	GlobalSection(SolutionConfigurationPlatforms) = preSolution
		Debug|Any CPU = Debug|Any CPU
		Release|Any CPU = Release|Any CPU
	EndGlobalSection
	GlobalSection(ProjectConfigurationPlatforms) = postSolution
		{FF4DC1C4-813A-497F-A187-C4F183EDE9BE}.Debug|Any CPU.ActiveCfg = Debug|Any CPU
		{FF4DC1C4-813A-497F-A187-C4F183EDE9BE}.Debug|Any CPU.Build.0 = Debug|Any CPU
		{FF4DC1C4-813A-497F-A187-C4F183EDE9BE}.Release|Any CPU.ActiveCfg = Release|Any CPU
		{FF4DC1C4-813A-497F-A187-C4F183EDE9BE}.Release|Any CPU.Build.0 = Release|Any CPU
		{C04D54E6-E67F-4154-892E-3E9E45D3DD9E}.Debug|Any CPU.ActiveCfg = Debug|Any CPU
		{C04D54E6-E67F-4154-892E-3E9E45D3DD9E}.Debug|Any CPU.Build.0 = Debug|Any CPU
		{C04D54E6-E67F-4154-892E-3E9E45D3DD9E}.Release|Any CPU.ActiveCfg = Release|Any CPU
		{C04D54E6-E67F-4154-892E-3E9E45D3DD9E}.Release|Any CPU.Build.0 = Release|Any CPU
	EndGlobalSection
	GlobalSection(SolutionProperties) = preSolution
		HideSolutionNode = FALSE
	EndGlobalSection
	GlobalSection(ExtensibilityGlobals) = postSolution
		SolutionGuid = {6B864728-DA9F-436A-97B4-F935B380EB3B}
	EndGlobalSection
EndGlobal
